
Microsoft Visual Studio Solution File, Format Version 12.00
# Visual Studio 14
VisualStudioVersion = 14.0.25420.1
MinimumVisualStudioVersion = 10.0.40219.1
Project("{2150E333-8FDC-42A3-9474-1A3956D46DE8}") = "SimpleAudioPlayer", "SimpleAudioPlayer", "{F07C1104-2A70-45D1-802C-99B0647438E5}"
EndProject
Project("{FAE04EC0-301F-11D3-BF4B-00C04F79EFBC}") = "Teddy.MvvmCross.Plugins.SimpleAudioPlayer", "SimpleAudioPlayer\Teddy.MvvmCross.Plugins.SimpleAudioPlayer\Teddy.MvvmCross.Plugins.SimpleAudioPlayer.csproj", "{96A76553-FD0D-4ABA-B723-FC8D89BDA136}"
EndProject
Project("{FAE04EC0-301F-11D3-BF4B-00C04F79EFBC}") = "Teddy.MvvmCross.Plugins.SimpleAudioPlayer.Droid", "SimpleAudioPlayer\Teddy.MvvmCross.Plugins.SimpleAudioPlayer.Droid\Teddy.MvvmCross.Plugins.SimpleAudioPlayer.Droid.csproj", "{1855985E-1A6C-4627-BBBA-DE2EC5968E13}"
EndProject
Project("{2150E333-8FDC-42A3-9474-1A3956D46DE8}") = "SimpleAudioPlayer.Demo", "SimpleAudioPlayer.Demo", "{6D48C50F-1007-4569-A11A-88B2313E4D02}"
EndProject
Project("{FAE04EC0-301F-11D3-BF4B-00C04F79EFBC}") = "SimpleAudioPlayer.Demo.Core", "SimpleAudioPlayer\SimpleAudioPlayer.Demo.Core\SimpleAudioPlayer.Demo.Core.csproj", "{74043E51-EF7B-4CE1-AF3F-7612ED1D05B6}"
EndProject
Project("{FAE04EC0-301F-11D3-BF4B-00C04F79EFBC}") = "SimpleAudioPlayer.Demo.Droid", "SimpleAudioPlayer\SimpleAudioPlayer.Demo.Droid\SimpleAudioPlayer.Demo.Droid.csproj", "{48D8DCC6-6342-4A62-AB87-B26CBFB3FEB1}"
EndProject
Global
	GlobalSection(SolutionConfigurationPlatforms) = preSolution
		Ad-Hoc|Any CPU = Ad-Hoc|Any CPU
		Ad-Hoc|ARM = Ad-Hoc|ARM
		Ad-Hoc|iPhone = Ad-Hoc|iPhone
		Ad-Hoc|iPhoneSimulator = Ad-Hoc|iPhoneSimulator
		Ad-Hoc|x64 = Ad-Hoc|x64
		Ad-Hoc|x86 = Ad-Hoc|x86
		AppStore|Any CPU = AppStore|Any CPU
		AppStore|ARM = AppStore|ARM
		AppStore|iPhone = AppStore|iPhone
		AppStore|iPhoneSimulator = AppStore|iPhoneSimulator
		AppStore|x64 = AppStore|x64
		AppStore|x86 = AppStore|x86
		Debug|Any CPU = Debug|Any CPU
		Debug|ARM = Debug|ARM
		Debug|iPhone = Debug|iPhone
		Debug|iPhoneSimulator = Debug|iPhoneSimulator
		Debug|x64 = Debug|x64
		Debug|x86 = Debug|x86
		Release|Any CPU = Release|Any CPU
		Release|ARM = Release|ARM
		Release|iPhone = Release|iPhone
		Release|iPhoneSimulator = Release|iPhoneSimulator
		Release|x64 = Release|x64
		Release|x86 = Release|x86
	EndGlobalSection
	GlobalSection(ProjectConfigurationPlatforms) = postSolution
		{96A76553-FD0D-4ABA-B723-FC8D89BDA136}.Ad-Hoc|Any CPU.ActiveCfg = Release|Any CPU
		{96A76553-FD0D-4ABA-B723-FC8D89BDA136}.Ad-Hoc|Any CPU.Build.0 = Release|Any CPU
		{96A76553-FD0D-4ABA-B723-FC8D89BDA136}.Ad-Hoc|ARM.ActiveCfg = Release|Any CPU
		{96A76553-FD0D-4ABA-B723-FC8D89BDA136}.Ad-Hoc|ARM.Build.0 = Release|Any CPU
		{96A76553-FD0D-4ABA-B723-FC8D89BDA136}.Ad-Hoc|iPhone.ActiveCfg = Release|Any CPU
		{96A76553-FD0D-4ABA-B723-FC8D89BDA136}.Ad-Hoc|iPhone.Build.0 = Release|Any CPU
		{96A76553-FD0D-4ABA-B723-FC8D89BDA136}.Ad-Hoc|iPhoneSimulator.ActiveCfg = Release|Any CPU
		{96A76553-FD0D-4ABA-B723-FC8D89BDA136}.Ad-Hoc|iPhoneSimulator.Build.0 = Release|Any CPU
		{96A76553-FD0D-4ABA-B723-FC8D89BDA136}.Ad-Hoc|x64.ActiveCfg = Release|Any CPU
		{96A76553-FD0D-4ABA-B723-FC8D89BDA136}.Ad-Hoc|x64.Build.0 = Release|Any CPU
		{96A76553-FD0D-4ABA-B723-FC8D89BDA136}.Ad-Hoc|x86.ActiveCfg = Release|Any CPU
		{96A76553-FD0D-4ABA-B723-FC8D89BDA136}.Ad-Hoc|x86.Build.0 = Release|Any CPU
		{96A76553-FD0D-4ABA-B723-FC8D89BDA136}.AppStore|Any CPU.ActiveCfg = Release|Any CPU
		{96A76553-FD0D-4ABA-B723-FC8D89BDA136}.AppStore|Any CPU.Build.0 = Release|Any CPU
		{96A76553-FD0D-4ABA-B723-FC8D89BDA136}.AppStore|ARM.ActiveCfg = Release|Any CPU
		{96A76553-FD0D-4ABA-B723-FC8D89BDA136}.AppStore|ARM.Build.0 = Release|Any CPU
		{96A76553-FD0D-4ABA-B723-FC8D89BDA136}.AppStore|iPhone.ActiveCfg = Release|Any CPU
		{96A76553-FD0D-4ABA-B723-FC8D89BDA136}.AppStore|iPhone.Build.0 = Release|Any CPU
		{96A76553-FD0D-4ABA-B723-FC8D89BDA136}.AppStore|iPhoneSimulator.ActiveCfg = Release|Any CPU
		{96A76553-FD0D-4ABA-B723-FC8D89BDA136}.AppStore|iPhoneSimulator.Build.0 = Release|Any CPU
		{96A76553-FD0D-4ABA-B723-FC8D89BDA136}.AppStore|x64.ActiveCfg = Release|Any CPU
		{96A76553-FD0D-4ABA-B723-FC8D89BDA136}.AppStore|x64.Build.0 = Release|Any CPU
		{96A76553-FD0D-4ABA-B723-FC8D89BDA136}.AppStore|x86.ActiveCfg = Release|Any CPU
		{96A76553-FD0D-4ABA-B723-FC8D89BDA136}.AppStore|x86.Build.0 = Release|Any CPU
		{96A76553-FD0D-4ABA-B723-FC8D89BDA136}.Debug|Any CPU.ActiveCfg = Debug|Any CPU
		{96A76553-FD0D-4ABA-B723-FC8D89BDA136}.Debug|Any CPU.Build.0 = Debug|Any CPU
		{96A76553-FD0D-4ABA-B723-FC8D89BDA136}.Debug|ARM.ActiveCfg = Debug|Any CPU
		{96A76553-FD0D-4ABA-B723-FC8D89BDA136}.Debug|ARM.Build.0 = Debug|Any CPU
		{96A76553-FD0D-4ABA-B723-FC8D89BDA136}.Debug|iPhone.ActiveCfg = Debug|Any CPU
		{96A76553-FD0D-4ABA-B723-FC8D89BDA136}.Debug|iPhone.Build.0 = Debug|Any CPU
		{96A76553-FD0D-4ABA-B723-FC8D89BDA136}.Debug|iPhoneSimulator.ActiveCfg = Debug|Any CPU
		{96A76553-FD0D-4ABA-B723-FC8D89BDA136}.Debug|iPhoneSimulator.Build.0 = Debug|Any CPU
		{96A76553-FD0D-4ABA-B723-FC8D89BDA136}.Debug|x64.ActiveCfg = Debug|Any CPU
		{96A76553-FD0D-4ABA-B723-FC8D89BDA136}.Debug|x64.Build.0 = Debug|Any CPU
		{96A76553-FD0D-4ABA-B723-FC8D89BDA136}.Debug|x86.ActiveCfg = Debug|Any CPU
		{96A76553-FD0D-4ABA-B723-FC8D89BDA136}.Debug|x86.Build.0 = Debug|Any CPU
		{96A76553-FD0D-4ABA-B723-FC8D89BDA136}.Release|Any CPU.ActiveCfg = Release|Any CPU
		{96A76553-FD0D-4ABA-B723-FC8D89BDA136}.Release|Any CPU.Build.0 = Release|Any CPU
		{96A76553-FD0D-4ABA-B723-FC8D89BDA136}.Release|ARM.ActiveCfg = Release|Any CPU
		{96A76553-FD0D-4ABA-B723-FC8D89BDA136}.Release|ARM.Build.0 = Release|Any CPU
		{96A76553-FD0D-4ABA-B723-FC8D89BDA136}.Release|iPhone.ActiveCfg = Release|Any CPU
		{96A76553-FD0D-4ABA-B723-FC8D89BDA136}.Release|iPhone.Build.0 = Release|Any CPU
		{96A76553-FD0D-4ABA-B723-FC8D89BDA136}.Release|iPhoneSimulator.ActiveCfg = Release|Any CPU
		{96A76553-FD0D-4ABA-B723-FC8D89BDA136}.Release|iPhoneSimulator.Build.0 = Release|Any CPU
		{96A76553-FD0D-4ABA-B723-FC8D89BDA136}.Release|x64.ActiveCfg = Release|Any CPU
		{96A76553-FD0D-4ABA-B723-FC8D89BDA136}.Release|x64.Build.0 = Release|Any CPU
		{96A76553-FD0D-4ABA-B723-FC8D89BDA136}.Release|x86.ActiveCfg = Release|Any CPU
		{96A76553-FD0D-4ABA-B723-FC8D89BDA136}.Release|x86.Build.0 = Release|Any CPU
		{1855985E-1A6C-4627-BBBA-DE2EC5968E13}.Ad-Hoc|Any CPU.ActiveCfg = Release|Any CPU
		{1855985E-1A6C-4627-BBBA-DE2EC5968E13}.Ad-Hoc|Any CPU.Build.0 = Release|Any CPU
		{1855985E-1A6C-4627-BBBA-DE2EC5968E13}.Ad-Hoc|ARM.ActiveCfg = Release|Any CPU
		{1855985E-1A6C-4627-BBBA-DE2EC5968E13}.Ad-Hoc|ARM.Build.0 = Release|Any CPU
		{1855985E-1A6C-4627-BBBA-DE2EC5968E13}.Ad-Hoc|iPhone.ActiveCfg = Release|Any CPU
		{1855985E-1A6C-4627-BBBA-DE2EC5968E13}.Ad-Hoc|iPhone.Build.0 = Release|Any CPU
		{1855985E-1A6C-4627-BBBA-DE2EC5968E13}.Ad-Hoc|iPhoneSimulator.ActiveCfg = Release|Any CPU
		{1855985E-1A6C-4627-BBBA-DE2EC5968E13}.Ad-Hoc|iPhoneSimulator.Build.0 = Release|Any CPU
		{1855985E-1A6C-4627-BBBA-DE2EC5968E13}.Ad-Hoc|x64.ActiveCfg = Release|Any CPU
		{1855985E-1A6C-4627-BBBA-DE2EC5968E13}.Ad-Hoc|x64.Build.0 = Release|Any CPU
		{1855985E-1A6C-4627-BBBA-DE2EC5968E13}.Ad-Hoc|x86.ActiveCfg = Release|Any CPU
		{1855985E-1A6C-4627-BBBA-DE2EC5968E13}.Ad-Hoc|x86.Build.0 = Release|Any CPU
		{1855985E-1A6C-4627-BBBA-DE2EC5968E13}.AppStore|Any CPU.ActiveCfg = Release|Any CPU
		{1855985E-1A6C-4627-BBBA-DE2EC5968E13}.AppStore|Any CPU.Build.0 = Release|Any CPU
		{1855985E-1A6C-4627-BBBA-DE2EC5968E13}.AppStore|ARM.ActiveCfg = Release|Any CPU
		{1855985E-1A6C-4627-BBBA-DE2EC5968E13}.AppStore|ARM.Build.0 = Release|Any CPU
		{1855985E-1A6C-4627-BBBA-DE2EC5968E13}.AppStore|iPhone.ActiveCfg = Release|Any CPU
		{1855985E-1A6C-4627-BBBA-DE2EC5968E13}.AppStore|iPhone.Build.0 = Release|Any CPU
		{1855985E-1A6C-4627-BBBA-DE2EC5968E13}.AppStore|iPhoneSimulator.ActiveCfg = Release|Any CPU
		{1855985E-1A6C-4627-BBBA-DE2EC5968E13}.AppStore|iPhoneSimulator.Build.0 = Release|Any CPU
		{1855985E-1A6C-4627-BBBA-DE2EC5968E13}.AppStore|x64.ActiveCfg = Release|Any CPU
		{1855985E-1A6C-4627-BBBA-DE2EC5968E13}.AppStore|x64.Build.0 = Release|Any CPU
		{1855985E-1A6C-4627-BBBA-DE2EC5968E13}.AppStore|x86.ActiveCfg = Release|Any CPU
		{1855985E-1A6C-4627-BBBA-DE2EC5968E13}.AppStore|x86.Build.0 = Release|Any CPU
		{1855985E-1A6C-4627-BBBA-DE2EC5968E13}.Debug|Any CPU.ActiveCfg = Debug|Any CPU
		{1855985E-1A6C-4627-BBBA-DE2EC5968E13}.Debug|Any CPU.Build.0 = Debug|Any CPU
		{1855985E-1A6C-4627-BBBA-DE2EC5968E13}.Debug|ARM.ActiveCfg = Debug|Any CPU
		{1855985E-1A6C-4627-BBBA-DE2EC5968E13}.Debug|ARM.Build.0 = Debug|Any CPU
		{1855985E-1A6C-4627-BBBA-DE2EC5968E13}.Debug|iPhone.ActiveCfg = Debug|Any CPU
		{1855985E-1A6C-4627-BBBA-DE2EC5968E13}.Debug|iPhone.Build.0 = Debug|Any CPU
		{1855985E-1A6C-4627-BBBA-DE2EC5968E13}.Debug|iPhoneSimulator.ActiveCfg = Debug|Any CPU
		{1855985E-1A6C-4627-BBBA-DE2EC5968E13}.Debug|iPhoneSimulator.Build.0 = Debug|Any CPU
		{1855985E-1A6C-4627-BBBA-DE2EC5968E13}.Debug|x64.ActiveCfg = Debug|Any CPU
		{1855985E-1A6C-4627-BBBA-DE2EC5968E13}.Debug|x64.Build.0 = Debug|Any CPU
		{1855985E-1A6C-4627-BBBA-DE2EC5968E13}.Debug|x86.ActiveCfg = Debug|Any CPU
		{1855985E-1A6C-4627-BBBA-DE2EC5968E13}.Debug|x86.Build.0 = Debug|Any CPU
		{1855985E-1A6C-4627-BBBA-DE2EC5968E13}.Release|Any CPU.ActiveCfg = Release|Any CPU
		{1855985E-1A6C-4627-BBBA-DE2EC5968E13}.Release|Any CPU.Build.0 = Release|Any CPU
		{1855985E-1A6C-4627-BBBA-DE2EC5968E13}.Release|ARM.ActiveCfg = Release|Any CPU
		{1855985E-1A6C-4627-BBBA-DE2EC5968E13}.Release|ARM.Build.0 = Release|Any CPU
		{1855985E-1A6C-4627-BBBA-DE2EC5968E13}.Release|iPhone.ActiveCfg = Release|Any CPU
		{1855985E-1A6C-4627-BBBA-DE2EC5968E13}.Release|iPhone.Build.0 = Release|Any CPU
		{1855985E-1A6C-4627-BBBA-DE2EC5968E13}.Release|iPhoneSimulator.ActiveCfg = Release|Any CPU
		{1855985E-1A6C-4627-BBBA-DE2EC5968E13}.Release|iPhoneSimulator.Build.0 = Release|Any CPU
		{1855985E-1A6C-4627-BBBA-DE2EC5968E13}.Release|x64.ActiveCfg = Release|Any CPU
		{1855985E-1A6C-4627-BBBA-DE2EC5968E13}.Release|x64.Build.0 = Release|Any CPU
		{1855985E-1A6C-4627-BBBA-DE2EC5968E13}.Release|x86.ActiveCfg = Release|Any CPU
		{1855985E-1A6C-4627-BBBA-DE2EC5968E13}.Release|x86.Build.0 = Release|Any CPU
		{74043E51-EF7B-4CE1-AF3F-7612ED1D05B6}.Ad-Hoc|Any CPU.ActiveCfg = Release|Any CPU
		{74043E51-EF7B-4CE1-AF3F-7612ED1D05B6}.Ad-Hoc|Any CPU.Build.0 = Release|Any CPU
		{74043E51-EF7B-4CE1-AF3F-7612ED1D05B6}.Ad-Hoc|ARM.ActiveCfg = Release|Any CPU
		{74043E51-EF7B-4CE1-AF3F-7612ED1D05B6}.Ad-Hoc|ARM.Build.0 = Release|Any CPU
		{74043E51-EF7B-4CE1-AF3F-7612ED1D05B6}.Ad-Hoc|iPhone.ActiveCfg = Release|Any CPU
		{74043E51-EF7B-4CE1-AF3F-7612ED1D05B6}.Ad-Hoc|iPhone.Build.0 = Release|Any CPU
		{74043E51-EF7B-4CE1-AF3F-7612ED1D05B6}.Ad-Hoc|iPhoneSimulator.ActiveCfg = Release|Any CPU
		{74043E51-EF7B-4CE1-AF3F-7612ED1D05B6}.Ad-Hoc|iPhoneSimulator.Build.0 = Release|Any CPU
		{74043E51-EF7B-4CE1-AF3F-7612ED1D05B6}.Ad-Hoc|x64.ActiveCfg = Release|Any CPU
		{74043E51-EF7B-4CE1-AF3F-7612ED1D05B6}.Ad-Hoc|x64.Build.0 = Release|Any CPU
		{74043E51-EF7B-4CE1-AF3F-7612ED1D05B6}.Ad-Hoc|x86.ActiveCfg = Release|Any CPU
		{74043E51-EF7B-4CE1-AF3F-7612ED1D05B6}.Ad-Hoc|x86.Build.0 = Release|Any CPU
		{74043E51-EF7B-4CE1-AF3F-7612ED1D05B6}.AppStore|Any CPU.ActiveCfg = Release|Any CPU
		{74043E51-EF7B-4CE1-AF3F-7612ED1D05B6}.AppStore|Any CPU.Build.0 = Release|Any CPU
		{74043E51-EF7B-4CE1-AF3F-7612ED1D05B6}.AppStore|ARM.ActiveCfg = Release|Any CPU
		{74043E51-EF7B-4CE1-AF3F-7612ED1D05B6}.AppStore|ARM.Build.0 = Release|Any CPU
		{74043E51-EF7B-4CE1-AF3F-7612ED1D05B6}.AppStore|iPhone.ActiveCfg = Release|Any CPU
		{74043E51-EF7B-4CE1-AF3F-7612ED1D05B6}.AppStore|iPhone.Build.0 = Release|Any CPU
		{74043E51-EF7B-4CE1-AF3F-7612ED1D05B6}.AppStore|iPhoneSimulator.ActiveCfg = Release|Any CPU
		{74043E51-EF7B-4CE1-AF3F-7612ED1D05B6}.AppStore|iPhoneSimulator.Build.0 = Release|Any CPU
		{74043E51-EF7B-4CE1-AF3F-7612ED1D05B6}.AppStore|x64.ActiveCfg = Release|Any CPU
		{74043E51-EF7B-4CE1-AF3F-7612ED1D05B6}.AppStore|x64.Build.0 = Release|Any CPU
		{74043E51-EF7B-4CE1-AF3F-7612ED1D05B6}.AppStore|x86.ActiveCfg = Release|Any CPU
		{74043E51-EF7B-4CE1-AF3F-7612ED1D05B6}.AppStore|x86.Build.0 = Release|Any CPU
		{74043E51-EF7B-4CE1-AF3F-7612ED1D05B6}.Debug|Any CPU.ActiveCfg = Debug|Any CPU
		{74043E51-EF7B-4CE1-AF3F-7612ED1D05B6}.Debug|Any CPU.Build.0 = Debug|Any CPU
		{74043E51-EF7B-4CE1-AF3F-7612ED1D05B6}.Debug|ARM.ActiveCfg = Debug|Any CPU
		{74043E51-EF7B-4CE1-AF3F-7612ED1D05B6}.Debug|ARM.Build.0 = Debug|Any CPU
		{74043E51-EF7B-4CE1-AF3F-7612ED1D05B6}.Debug|iPhone.ActiveCfg = Debug|Any CPU
		{74043E51-EF7B-4CE1-AF3F-7612ED1D05B6}.Debug|iPhone.Build.0 = Debug|Any CPU
		{74043E51-EF7B-4CE1-AF3F-7612ED1D05B6}.Debug|iPhoneSimulator.ActiveCfg = Debug|Any CPU
		{74043E51-EF7B-4CE1-AF3F-7612ED1D05B6}.Debug|iPhoneSimulator.Build.0 = Debug|Any CPU
		{74043E51-EF7B-4CE1-AF3F-7612ED1D05B6}.Debug|x64.ActiveCfg = Debug|Any CPU
		{74043E51-EF7B-4CE1-AF3F-7612ED1D05B6}.Debug|x64.Build.0 = Debug|Any CPU
		{74043E51-EF7B-4CE1-AF3F-7612ED1D05B6}.Debug|x86.ActiveCfg = Debug|Any CPU
		{74043E51-EF7B-4CE1-AF3F-7612ED1D05B6}.Debug|x86.Build.0 = Debug|Any CPU
		{74043E51-EF7B-4CE1-AF3F-7612ED1D05B6}.Release|Any CPU.ActiveCfg = Release|Any CPU
		{74043E51-EF7B-4CE1-AF3F-7612ED1D05B6}.Release|Any CPU.Build.0 = Release|Any CPU
		{74043E51-EF7B-4CE1-AF3F-7612ED1D05B6}.Release|ARM.ActiveCfg = Release|Any CPU
		{74043E51-EF7B-4CE1-AF3F-7612ED1D05B6}.Release|ARM.Build.0 = Release|Any CPU
		{74043E51-EF7B-4CE1-AF3F-7612ED1D05B6}.Release|iPhone.ActiveCfg = Release|Any CPU
		{74043E51-EF7B-4CE1-AF3F-7612ED1D05B6}.Release|iPhone.Build.0 = Release|Any CPU
		{74043E51-EF7B-4CE1-AF3F-7612ED1D05B6}.Release|iPhoneSimulator.ActiveCfg = Release|Any CPU
		{74043E51-EF7B-4CE1-AF3F-7612ED1D05B6}.Release|iPhoneSimulator.Build.0 = Release|Any CPU
		{74043E51-EF7B-4CE1-AF3F-7612ED1D05B6}.Release|x64.ActiveCfg = Release|Any CPU
		{74043E51-EF7B-4CE1-AF3F-7612ED1D05B6}.Release|x64.Build.0 = Release|Any CPU
		{74043E51-EF7B-4CE1-AF3F-7612ED1D05B6}.Release|x86.ActiveCfg = Release|Any CPU
		{74043E51-EF7B-4CE1-AF3F-7612ED1D05B6}.Release|x86.Build.0 = Release|Any CPU
		{48D8DCC6-6342-4A62-AB87-B26CBFB3FEB1}.Ad-Hoc|Any CPU.ActiveCfg = Release|Any CPU
		{48D8DCC6-6342-4A62-AB87-B26CBFB3FEB1}.Ad-Hoc|Any CPU.Build.0 = Release|Any CPU
		{48D8DCC6-6342-4A62-AB87-B26CBFB3FEB1}.Ad-Hoc|Any CPU.Deploy.0 = Release|Any CPU
		{48D8DCC6-6342-4A62-AB87-B26CBFB3FEB1}.Ad-Hoc|ARM.ActiveCfg = Release|Any CPU
		{48D8DCC6-6342-4A62-AB87-B26CBFB3FEB1}.Ad-Hoc|ARM.Build.0 = Release|Any CPU
		{48D8DCC6-6342-4A62-AB87-B26CBFB3FEB1}.Ad-Hoc|ARM.Deploy.0 = Release|Any CPU
		{48D8DCC6-6342-4A62-AB87-B26CBFB3FEB1}.Ad-Hoc|iPhone.ActiveCfg = Release|Any CPU
		{48D8DCC6-6342-4A62-AB87-B26CBFB3FEB1}.Ad-Hoc|iPhone.Build.0 = Release|Any CPU
		{48D8DCC6-6342-4A62-AB87-B26CBFB3FEB1}.Ad-Hoc|iPhone.Deploy.0 = Release|Any CPU
		{48D8DCC6-6342-4A62-AB87-B26CBFB3FEB1}.Ad-Hoc|iPhoneSimulator.ActiveCfg = Release|Any CPU
		{48D8DCC6-6342-4A62-AB87-B26CBFB3FEB1}.Ad-Hoc|iPhoneSimulator.Build.0 = Release|Any CPU
		{48D8DCC6-6342-4A62-AB87-B26CBFB3FEB1}.Ad-Hoc|iPhoneSimulator.Deploy.0 = Release|Any CPU
		{48D8DCC6-6342-4A62-AB87-B26CBFB3FEB1}.Ad-Hoc|x64.ActiveCfg = Release|Any CPU
		{48D8DCC6-6342-4A62-AB87-B26CBFB3FEB1}.Ad-Hoc|x64.Build.0 = Release|Any CPU
		{48D8DCC6-6342-4A62-AB87-B26CBFB3FEB1}.Ad-Hoc|x64.Deploy.0 = Release|Any CPU
		{48D8DCC6-6342-4A62-AB87-B26CBFB3FEB1}.Ad-Hoc|x86.ActiveCfg = Release|Any CPU
		{48D8DCC6-6342-4A62-AB87-B26CBFB3FEB1}.Ad-Hoc|x86.Build.0 = Release|Any CPU
		{48D8DCC6-6342-4A62-AB87-B26CBFB3FEB1}.Ad-Hoc|x86.Deploy.0 = Release|Any CPU
		{48D8DCC6-6342-4A62-AB87-B26CBFB3FEB1}.AppStore|Any CPU.ActiveCfg = Release|Any CPU
		{48D8DCC6-6342-4A62-AB87-B26CBFB3FEB1}.AppStore|Any CPU.Build.0 = Release|Any CPU
		{48D8DCC6-6342-4A62-AB87-B26CBFB3FEB1}.AppStore|Any CPU.Deploy.0 = Release|Any CPU
		{48D8DCC6-6342-4A62-AB87-B26CBFB3FEB1}.AppStore|ARM.ActiveCfg = Release|Any CPU
		{48D8DCC6-6342-4A62-AB87-B26CBFB3FEB1}.AppStore|ARM.Build.0 = Release|Any CPU
		{48D8DCC6-6342-4A62-AB87-B26CBFB3FEB1}.AppStore|ARM.Deploy.0 = Release|Any CPU
		{48D8DCC6-6342-4A62-AB87-B26CBFB3FEB1}.AppStore|iPhone.ActiveCfg = Release|Any CPU
		{48D8DCC6-6342-4A62-AB87-B26CBFB3FEB1}.AppStore|iPhone.Build.0 = Release|Any CPU
		{48D8DCC6-6342-4A62-AB87-B26CBFB3FEB1}.AppStore|iPhone.Deploy.0 = Release|Any CPU
		{48D8DCC6-6342-4A62-AB87-B26CBFB3FEB1}.AppStore|iPhoneSimulator.ActiveCfg = Release|Any CPU
		{48D8DCC6-6342-4A62-AB87-B26CBFB3FEB1}.AppStore|iPhoneSimulator.Build.0 = Release|Any CPU
		{48D8DCC6-6342-4A62-AB87-B26CBFB3FEB1}.AppStore|iPhoneSimulator.Deploy.0 = Release|Any CPU
		{48D8DCC6-6342-4A62-AB87-B26CBFB3FEB1}.AppStore|x64.ActiveCfg = Release|Any CPU
		{48D8DCC6-6342-4A62-AB87-B26CBFB3FEB1}.AppStore|x64.Build.0 = Release|Any CPU
		{48D8DCC6-6342-4A62-AB87-B26CBFB3FEB1}.AppStore|x64.Deploy.0 = Release|Any CPU
		{48D8DCC6-6342-4A62-AB87-B26CBFB3FEB1}.AppStore|x86.ActiveCfg = Release|Any CPU
		{48D8DCC6-6342-4A62-AB87-B26CBFB3FEB1}.AppStore|x86.Build.0 = Release|Any CPU
		{48D8DCC6-6342-4A62-AB87-B26CBFB3FEB1}.AppStore|x86.Deploy.0 = Release|Any CPU
		{48D8DCC6-6342-4A62-AB87-B26CBFB3FEB1}.Debug|Any CPU.ActiveCfg = Debug|Any CPU
		{48D8DCC6-6342-4A62-AB87-B26CBFB3FEB1}.Debug|Any CPU.Build.0 = Debug|Any CPU
		{48D8DCC6-6342-4A62-AB87-B26CBFB3FEB1}.Debug|Any CPU.Deploy.0 = Debug|Any CPU
		{48D8DCC6-6342-4A62-AB87-B26CBFB3FEB1}.Debug|ARM.ActiveCfg = Debug|Any CPU
		{48D8DCC6-6342-4A62-AB87-B26CBFB3FEB1}.Debug|ARM.Build.0 = Debug|Any CPU
		{48D8DCC6-6342-4A62-AB87-B26CBFB3FEB1}.Debug|ARM.Deploy.0 = Debug|Any CPU
		{48D8DCC6-6342-4A62-AB87-B26CBFB3FEB1}.Debug|iPhone.ActiveCfg = Debug|Any CPU
		{48D8DCC6-6342-4A62-AB87-B26CBFB3FEB1}.Debug|iPhone.Build.0 = Debug|Any CPU
		{48D8DCC6-6342-4A62-AB87-B26CBFB3FEB1}.Debug|iPhone.Deploy.0 = Debug|Any CPU
		{48D8DCC6-6342-4A62-AB87-B26CBFB3FEB1}.Debug|iPhoneSimulator.ActiveCfg = Debug|Any CPU
		{48D8DCC6-6342-4A62-AB87-B26CBFB3FEB1}.Debug|iPhoneSimulator.Build.0 = Debug|Any CPU
		{48D8DCC6-6342-4A62-AB87-B26CBFB3FEB1}.Debug|iPhoneSimulator.Deploy.0 = Debug|Any CPU
		{48D8DCC6-6342-4A62-AB87-B26CBFB3FEB1}.Debug|x64.ActiveCfg = Debug|Any CPU
		{48D8DCC6-6342-4A62-AB87-B26CBFB3FEB1}.Debug|x64.Build.0 = Debug|Any CPU
		{48D8DCC6-6342-4A62-AB87-B26CBFB3FEB1}.Debug|x64.Deploy.0 = Debug|Any CPU
		{48D8DCC6-6342-4A62-AB87-B26CBFB3FEB1}.Debug|x86.ActiveCfg = Debug|Any CPU
		{48D8DCC6-6342-4A62-AB87-B26CBFB3FEB1}.Debug|x86.Build.0 = Debug|Any CPU
		{48D8DCC6-6342-4A62-AB87-B26CBFB3FEB1}.Debug|x86.Deploy.0 = Debug|Any CPU
		{48D8DCC6-6342-4A62-AB87-B26CBFB3FEB1}.Release|Any CPU.ActiveCfg = Release|Any CPU
		{48D8DCC6-6342-4A62-AB87-B26CBFB3FEB1}.Release|Any CPU.Build.0 = Release|Any CPU
		{48D8DCC6-6342-4A62-AB87-B26CBFB3FEB1}.Release|Any CPU.Deploy.0 = Release|Any CPU
		{48D8DCC6-6342-4A62-AB87-B26CBFB3FEB1}.Release|ARM.ActiveCfg = Release|Any CPU
		{48D8DCC6-6342-4A62-AB87-B26CBFB3FEB1}.Release|ARM.Build.0 = Release|Any CPU
		{48D8DCC6-6342-4A62-AB87-B26CBFB3FEB1}.Release|ARM.Deploy.0 = Release|Any CPU
		{48D8DCC6-6342-4A62-AB87-B26CBFB3FEB1}.Release|iPhone.ActiveCfg = Release|Any CPU
		{48D8DCC6-6342-4A62-AB87-B26CBFB3FEB1}.Release|iPhone.Build.0 = Release|Any CPU
		{48D8DCC6-6342-4A62-AB87-B26CBFB3FEB1}.Release|iPhone.Deploy.0 = Release|Any CPU
		{48D8DCC6-6342-4A62-AB87-B26CBFB3FEB1}.Release|iPhoneSimulator.ActiveCfg = Release|Any CPU
		{48D8DCC6-6342-4A62-AB87-B26CBFB3FEB1}.Release|iPhoneSimulator.Build.0 = Release|Any CPU
		{48D8DCC6-6342-4A62-AB87-B26CBFB3FEB1}.Release|iPhoneSimulator.Deploy.0 = Release|Any CPU
		{48D8DCC6-6342-4A62-AB87-B26CBFB3FEB1}.Release|x64.ActiveCfg = Release|Any CPU
		{48D8DCC6-6342-4A62-AB87-B26CBFB3FEB1}.Release|x64.Build.0 = Release|Any CPU
		{48D8DCC6-6342-4A62-AB87-B26CBFB3FEB1}.Release|x64.Deploy.0 = Release|Any CPU
		{48D8DCC6-6342-4A62-AB87-B26CBFB3FEB1}.Release|x86.ActiveCfg = Release|Any CPU
		{48D8DCC6-6342-4A62-AB87-B26CBFB3FEB1}.Release|x86.Build.0 = Release|Any CPU
		{48D8DCC6-6342-4A62-AB87-B26CBFB3FEB1}.Release|x86.Deploy.0 = Release|Any CPU
	EndGlobalSection
	GlobalSection(SolutionProperties) = preSolution
		HideSolutionNode = FALSE
	EndGlobalSection
	GlobalSection(NestedProjects) = preSolution
		{96A76553-FD0D-4ABA-B723-FC8D89BDA136} = {F07C1104-2A70-45D1-802C-99B0647438E5}
		{1855985E-1A6C-4627-BBBA-DE2EC5968E13} = {F07C1104-2A70-45D1-802C-99B0647438E5}
		{6D48C50F-1007-4569-A11A-88B2313E4D02} = {F07C1104-2A70-45D1-802C-99B0647438E5}
		{74043E51-EF7B-4CE1-AF3F-7612ED1D05B6} = {6D48C50F-1007-4569-A11A-88B2313E4D02}
		{48D8DCC6-6342-4A62-AB87-B26CBFB3FEB1} = {6D48C50F-1007-4569-A11A-88B2313E4D02}
	EndGlobalSection
EndGlobal
